
Microsoft Visual Studio Solution File, Format Version 12.00
# Visual Studio Version 17
VisualStudioVersion = 17.9.34321.82
MinimumVisualStudioVersion = 10.0.40219.1
Project("{9A19103F-16F7-4668-BE54-9A1E7A4F7556}") = "PsPdfKitOnWinUI3.VirtualHost", "PsPdfKitOnWinUI3.VirtualHost\PsPdfKitOnWinUI3.VirtualHost.csproj", "{038B3FD9-52CE-4A09-878B-56367BBBBDFA}"
EndProject
Project("{9A19103F-16F7-4668-BE54-9A1E7A4F7556}") = "PsPdfKitOnWinUI3.Lib", "PsPdfKitOnWinUI3.Lib\PsPdfKitOnWinUI3.Lib.csproj", "{DCA9B3B4-0A1A-4523-BF80-5CF466F95609}"
EndProject
Project("{FAE04EC0-301F-11D3-BF4B-00C04F79EFBC}") = "PsPdfKitOnWinUI3.RequestFilter", "PsPdfKitOnWinUI3.RequestFilter\PsPdfKitOnWinUI3.RequestFilter.csproj", "{80BBF86B-0F01-41ED-AA23-D74534E473F4}"
EndProject
Project("{FAE04EC0-301F-11D3-BF4B-00C04F79EFBC}") = "PsPdfKitOnWinUI3.FakeRequestFilter", "PsPdfKitOnWinUI3.FakeRequestFilter\PsPdfKitOnWinUI3.FakeRequestFilter.csproj", "{376D9D09-9C7E-4462-9477-BFB5DF270711}"
EndProject
Global
	GlobalSection(SolutionConfigurationPlatforms) = preSolution
		Debug|Any CPU = Debug|Any CPU
		Debug|ARM64 = Debug|ARM64
		Debug|x64 = Debug|x64
		Debug|x86 = Debug|x86
		Release|Any CPU = Release|Any CPU
		Release|ARM64 = Release|ARM64
		Release|x64 = Release|x64
		Release|x86 = Release|x86
	EndGlobalSection
	GlobalSection(ProjectConfigurationPlatforms) = postSolution
		{038B3FD9-52CE-4A09-878B-56367BBBBDFA}.Debug|Any CPU.ActiveCfg = Debug|x64
		{038B3FD9-52CE-4A09-878B-56367BBBBDFA}.Debug|Any CPU.Build.0 = Debug|x64
		{038B3FD9-52CE-4A09-878B-56367BBBBDFA}.Debug|Any CPU.Deploy.0 = Debug|x64
		{038B3FD9-52CE-4A09-878B-56367BBBBDFA}.Debug|ARM64.ActiveCfg = Debug|ARM64
		{038B3FD9-52CE-4A09-878B-56367BBBBDFA}.Debug|ARM64.Build.0 = Debug|ARM64
		{038B3FD9-52CE-4A09-878B-56367BBBBDFA}.Debug|ARM64.Deploy.0 = Debug|ARM64
		{038B3FD9-52CE-4A09-878B-56367BBBBDFA}.Debug|x64.ActiveCfg = Debug|x64
		{038B3FD9-52CE-4A09-878B-56367BBBBDFA}.Debug|x64.Build.0 = Debug|x64
		{038B3FD9-52CE-4A09-878B-56367BBBBDFA}.Debug|x64.Deploy.0 = Debug|x64
		{038B3FD9-52CE-4A09-878B-56367BBBBDFA}.Debug|x86.ActiveCfg = Debug|x86
		{038B3FD9-52CE-4A09-878B-56367BBBBDFA}.Debug|x86.Build.0 = Debug|x86
		{038B3FD9-52CE-4A09-878B-56367BBBBDFA}.Debug|x86.Deploy.0 = Debug|x86
		{038B3FD9-52CE-4A09-878B-56367BBBBDFA}.Release|Any CPU.ActiveCfg = Release|x64
		{038B3FD9-52CE-4A09-878B-56367BBBBDFA}.Release|Any CPU.Build.0 = Release|x64
		{038B3FD9-52CE-4A09-878B-56367BBBBDFA}.Release|Any CPU.Deploy.0 = Release|x64
		{038B3FD9-52CE-4A09-878B-56367BBBBDFA}.Release|ARM64.ActiveCfg = Release|ARM64
		{038B3FD9-52CE-4A09-878B-56367BBBBDFA}.Release|ARM64.Build.0 = Release|ARM64
		{038B3FD9-52CE-4A09-878B-56367BBBBDFA}.Release|ARM64.Deploy.0 = Release|ARM64
		{038B3FD9-52CE-4A09-878B-56367BBBBDFA}.Release|x64.ActiveCfg = Release|x64
		{038B3FD9-52CE-4A09-878B-56367BBBBDFA}.Release|x64.Build.0 = Release|x64
		{038B3FD9-52CE-4A09-878B-56367BBBBDFA}.Release|x64.Deploy.0 = Release|x64
		{038B3FD9-52CE-4A09-878B-56367BBBBDFA}.Release|x86.ActiveCfg = Release|x86
		{038B3FD9-52CE-4A09-878B-56367BBBBDFA}.Release|x86.Build.0 = Release|x86
		{038B3FD9-52CE-4A09-878B-56367BBBBDFA}.Release|x86.Deploy.0 = Release|x86
		{DCA9B3B4-0A1A-4523-BF80-5CF466F95609}.Debug|Any CPU.ActiveCfg = Debug|Any CPU
		{DCA9B3B4-0A1A-4523-BF80-5CF466F95609}.Debug|Any CPU.Build.0 = Debug|Any CPU
		{DCA9B3B4-0A1A-4523-BF80-5CF466F95609}.Debug|ARM64.ActiveCfg = Debug|Any CPU
		{DCA9B3B4-0A1A-4523-BF80-5CF466F95609}.Debug|ARM64.Build.0 = Debug|Any CPU
		{DCA9B3B4-0A1A-4523-BF80-5CF466F95609}.Debug|x64.ActiveCfg = Debug|Any CPU
		{DCA9B3B4-0A1A-4523-BF80-5CF466F95609}.Debug|x64.Build.0 = Debug|Any CPU
		{DCA9B3B4-0A1A-4523-BF80-5CF466F95609}.Debug|x86.ActiveCfg = Debug|Any CPU
		{DCA9B3B4-0A1A-4523-BF80-5CF466F95609}.Debug|x86.Build.0 = Debug|Any CPU
		{DCA9B3B4-0A1A-4523-BF80-5CF466F95609}.Release|Any CPU.ActiveCfg = Release|Any CPU
		{DCA9B3B4-0A1A-4523-BF80-5CF466F95609}.Release|Any CPU.Build.0 = Release|Any CPU
		{DCA9B3B4-0A1A-4523-BF80-5CF466F95609}.Release|ARM64.ActiveCfg = Release|Any CPU
		{DCA9B3B4-0A1A-4523-BF80-5CF466F95609}.Release|ARM64.Build.0 = Release|Any CPU
		{DCA9B3B4-0A1A-4523-BF80-5CF466F95609}.Release|x64.ActiveCfg = Release|Any CPU
		{DCA9B3B4-0A1A-4523-BF80-5CF466F95609}.Release|x64.Build.0 = Release|Any CPU
		{DCA9B3B4-0A1A-4523-BF80-5CF466F95609}.Release|x86.ActiveCfg = Release|Any CPU
		{DCA9B3B4-0A1A-4523-BF80-5CF466F95609}.Release|x86.Build.0 = Release|Any CPU
		{80BBF86B-0F01-41ED-AA23-D74534E473F4}.Debug|Any CPU.ActiveCfg = Debug|x64
		{80BBF86B-0F01-41ED-AA23-D74534E473F4}.Debug|Any CPU.Build.0 = Debug|x64
		{80BBF86B-0F01-41ED-AA23-D74534E473F4}.Debug|Any CPU.Deploy.0 = Debug|x64
		{80BBF86B-0F01-41ED-AA23-D74534E473F4}.Debug|ARM64.ActiveCfg = Debug|ARM64
		{80BBF86B-0F01-41ED-AA23-D74534E473F4}.Debug|ARM64.Build.0 = Debug|ARM64
		{80BBF86B-0F01-41ED-AA23-D74534E473F4}.Debug|ARM64.Deploy.0 = Debug|ARM64
		{80BBF86B-0F01-41ED-AA23-D74534E473F4}.Debug|x64.ActiveCfg = Debug|x64
		{80BBF86B-0F01-41ED-AA23-D74534E473F4}.Debug|x64.Build.0 = Debug|x64
		{80BBF86B-0F01-41ED-AA23-D74534E473F4}.Debug|x64.Deploy.0 = Debug|x64
		{80BBF86B-0F01-41ED-AA23-D74534E473F4}.Debug|x86.ActiveCfg = Debug|x86
		{80BBF86B-0F01-41ED-AA23-D74534E473F4}.Debug|x86.Build.0 = Debug|x86
		{80BBF86B-0F01-41ED-AA23-D74534E473F4}.Debug|x86.Deploy.0 = Debug|x86
		{80BBF86B-0F01-41ED-AA23-D74534E473F4}.Release|Any CPU.ActiveCfg = Release|x64
		{80BBF86B-0F01-41ED-AA23-D74534E473F4}.Release|Any CPU.Build.0 = Release|x64
		{80BBF86B-0F01-41ED-AA23-D74534E473F4}.Release|Any CPU.Deploy.0 = Release|x64
		{80BBF86B-0F01-41ED-AA23-D74534E473F4}.Release|ARM64.ActiveCfg = Release|ARM64
		{80BBF86B-0F01-41ED-AA23-D74534E473F4}.Release|ARM64.Build.0 = Release|ARM64
		{80BBF86B-0F01-41ED-AA23-D74534E473F4}.Release|ARM64.Deploy.0 = Release|ARM64
		{80BBF86B-0F01-41ED-AA23-D74534E473F4}.Release|x64.ActiveCfg = Release|x64
		{80BBF86B-0F01-41ED-AA23-D74534E473F4}.Release|x64.Build.0 = Release|x64
		{80BBF86B-0F01-41ED-AA23-D74534E473F4}.Release|x64.Deploy.0 = Release|x64
		{80BBF86B-0F01-41ED-AA23-D74534E473F4}.Release|x86.ActiveCfg = Release|x86
		{80BBF86B-0F01-41ED-AA23-D74534E473F4}.Release|x86.Build.0 = Release|x86
		{80BBF86B-0F01-41ED-AA23-D74534E473F4}.Release|x86.Deploy.0 = Release|x86
		{376D9D09-9C7E-4462-9477-BFB5DF270711}.Debug|Any CPU.ActiveCfg = Debug|x64
		{376D9D09-9C7E-4462-9477-BFB5DF270711}.Debug|Any CPU.Build.0 = Debug|x64
		{376D9D09-9C7E-4462-9477-BFB5DF270711}.Debug|Any CPU.Deploy.0 = Debug|x64
		{376D9D09-9C7E-4462-9477-BFB5DF270711}.Debug|ARM64.ActiveCfg = Debug|ARM64
		{376D9D09-9C7E-4462-9477-BFB5DF270711}.Debug|ARM64.Build.0 = Debug|ARM64
		{376D9D09-9C7E-4462-9477-BFB5DF270711}.Debug|ARM64.Deploy.0 = Debug|ARM64
		{376D9D09-9C7E-4462-9477-BFB5DF270711}.Debug|x64.ActiveCfg = Debug|x64
		{376D9D09-9C7E-4462-9477-BFB5DF270711}.Debug|x64.Build.0 = Debug|x64
		{376D9D09-9C7E-4462-9477-BFB5DF270711}.Debug|x64.Deploy.0 = Debug|x64
		{376D9D09-9C7E-4462-9477-BFB5DF270711}.Debug|x86.ActiveCfg = Debug|x86
		{376D9D09-9C7E-4462-9477-BFB5DF270711}.Debug|x86.Build.0 = Debug|x86
		{376D9D09-9C7E-4462-9477-BFB5DF270711}.Debug|x86.Deploy.0 = Debug|x86
		{376D9D09-9C7E-4462-9477-BFB5DF270711}.Release|Any CPU.ActiveCfg = Release|x64
		{376D9D09-9C7E-4462-9477-BFB5DF270711}.Release|Any CPU.Build.0 = Release|x64
		{376D9D09-9C7E-4462-9477-BFB5DF270711}.Release|Any CPU.Deploy.0 = Release|x64
		{376D9D09-9C7E-4462-9477-BFB5DF270711}.Release|ARM64.ActiveCfg = Release|ARM64
		{376D9D09-9C7E-4462-9477-BFB5DF270711}.Release|ARM64.Build.0 = Release|ARM64
		{376D9D09-9C7E-4462-9477-BFB5DF270711}.Release|ARM64.Deploy.0 = Release|ARM64
		{376D9D09-9C7E-4462-9477-BFB5DF270711}.Release|x64.ActiveCfg = Release|x64
		{376D9D09-9C7E-4462-9477-BFB5DF270711}.Release|x64.Build.0 = Release|x64
		{376D9D09-9C7E-4462-9477-BFB5DF270711}.Release|x64.Deploy.0 = Release|x64
		{376D9D09-9C7E-4462-9477-BFB5DF270711}.Release|x86.ActiveCfg = Release|x86
		{376D9D09-9C7E-4462-9477-BFB5DF270711}.Release|x86.Build.0 = Release|x86
		{376D9D09-9C7E-4462-9477-BFB5DF270711}.Release|x86.Deploy.0 = Release|x86
	EndGlobalSection
	GlobalSection(SolutionProperties) = preSolution
		HideSolutionNode = FALSE
	EndGlobalSection
	GlobalSection(ExtensibilityGlobals) = postSolution
		SolutionGuid = {3E1DA1B6-1C38-4E43-BE65-2C381BECF00D}
	EndGlobalSection
EndGlobal
